
Microsoft Visual Studio Solution File, Format Version 12.00
# Visual Studio Version 17
VisualStudioVersion = 17.10.35013.160
MinimumVisualStudioVersion = 10.0.40219.1
Project("{9A19103F-16F7-4668-BE54-9A1E7A4F7556}") = "MagicVilla_VillaAPI", "MagicVill_VillaAPI\MagicVilla_VillaAPI.csproj", "{270F7F7A-9F2E-4534-B021-BF6676289DA0}"
EndProject
Project("{9A19103F-16F7-4668-BE54-9A1E7A4F7556}") = "MagicVilla_Web", "MagicVilla_Web\MagicVilla_Web.csproj", "{C3D74D08-B0D9-49A8-83E4-6A99EE54D876}"
EndProject
Project("{FAE04EC0-301F-11D3-BF4B-00C04F79EFBC}") = "MagicVilla_Utility", "MagicVilla_Utility\MagicVilla_Utility.csproj", "{25805121-C8DD-4622-BE26-630B5EF1D5DF}"
EndProject
Global
	GlobalSection(SolutionConfigurationPlatforms) = preSolution
		Debug|Any CPU = Debug|Any CPU
		Release|Any CPU = Release|Any CPU
	EndGlobalSection
	GlobalSection(ProjectConfigurationPlatforms) = postSolution
		{270F7F7A-9F2E-4534-B021-BF6676289DA0}.Debug|Any CPU.ActiveCfg = Debug|Any CPU
		{270F7F7A-9F2E-4534-B021-BF6676289DA0}.Debug|Any CPU.Build.0 = Debug|Any CPU
		{270F7F7A-9F2E-4534-B021-BF6676289DA0}.Release|Any CPU.ActiveCfg = Release|Any CPU
		{270F7F7A-9F2E-4534-B021-BF6676289DA0}.Release|Any CPU.Build.0 = Release|Any CPU
		{C3D74D08-B0D9-49A8-83E4-6A99EE54D876}.Debug|Any CPU.ActiveCfg = Debug|Any CPU
		{C3D74D08-B0D9-49A8-83E4-6A99EE54D876}.Debug|Any CPU.Build.0 = Debug|Any CPU
		{C3D74D08-B0D9-49A8-83E4-6A99EE54D876}.Release|Any CPU.ActiveCfg = Release|Any CPU
		{C3D74D08-B0D9-49A8-83E4-6A99EE54D876}.Release|Any CPU.Build.0 = Release|Any CPU
		{25805121-C8DD-4622-BE26-630B5EF1D5DF}.Debug|Any CPU.ActiveCfg = Debug|Any CPU
		{25805121-C8DD-4622-BE26-630B5EF1D5DF}.Debug|Any CPU.Build.0 = Debug|Any CPU
		{25805121-C8DD-4622-BE26-630B5EF1D5DF}.Release|Any CPU.ActiveCfg = Release|Any CPU
		{25805121-C8DD-4622-BE26-630B5EF1D5DF}.Release|Any CPU.Build.0 = Release|Any CPU
	EndGlobalSection
	GlobalSection(SolutionProperties) = preSolution
		HideSolutionNode = FALSE
	EndGlobalSection
	GlobalSection(ExtensibilityGlobals) = postSolution
		SolutionGuid = {B47F15B7-A197-4682-91E0-8A91B3205BE6}
	EndGlobalSection
EndGlobal
